
Microsoft Visual Studio Solution File, Format Version 12.00
# Visual Studio Version 16
VisualStudioVersion = 16.0.30611.23
MinimumVisualStudioVersion = 10.0.40219.1
Project("{FAE04EC0-301F-11D3-BF4B-00C04F79EFBC}") = "UI", "UI\UI.csproj", "{A383C085-8905-43CE-A1CE-5385F1C40E40}"
EndProject
Project("{FAE04EC0-301F-11D3-BF4B-00C04F79EFBC}") = "BL", "BL\BL.csproj", "{D30AC9A1-3761-48B6-9EE9-7BEB356FCA5A}"
EndProject
Project("{FAE04EC0-301F-11D3-BF4B-00C04F79EFBC}") = "APIDL", "APIDL\APIDL.csproj", "{7BA4CB17-C3DB-4C77-95AF-39013FD000CB}"
EndProject
Project("{FAE04EC0-301F-11D3-BF4B-00C04F79EFBC}") = "DS", "DS\DS.csproj", "{3E31B8B1-A15F-4357-929E-38504034CDA0}"
EndProject
Project("{FAE04EC0-301F-11D3-BF4B-00C04F79EFBC}") = "DalObject", "DalObject\DalObject.csproj", "{F9339ADA-C3D6-4384-9EAF-DBD8A4F3F504}"
EndProject
Project("{2150E333-8FDC-42A3-9474-1A3956D46DE8}") = "Solution Items", "Solution Items", "{BCFAADE1-035D-4088-98FA-6464AFBC9A67}"
	ProjectSection(SolutionItems) = preProject
		bin\xml\BusesSchedule.xml = bin\xml\BusesSchedule.xml
		bin\xml\BusLine.xml = bin\xml\BusLine.xml
		bin\xml\BusLineStation.xml = bin\xml\BusLineStation.xml
		bin\xml\BusStation.xml = bin\xml\BusStation.xml
		bin\config.xml = bin\config.xml
		bin\xml\ConsecutiveStations.xml = bin\xml\ConsecutiveStations.xml
		bin\xml\User.xml = bin\xml\User.xml
	EndProjectSection
EndProject
Project("{FAE04EC0-301F-11D3-BF4B-00C04F79EFBC}") = "PL", "PL\PL.csproj", "{26DABD6D-45EB-4638-B35C-E8C1DECCBAB5}"
EndProject
Project("{FAE04EC0-301F-11D3-BF4B-00C04F79EFBC}") = "DLXML", "DLXML\DLXML.csproj", "{43874499-EEFE-46C3-873F-E1E7288F4C47}"
EndProject
Global
	GlobalSection(SolutionConfigurationPlatforms) = preSolution
		Debug|Any CPU = Debug|Any CPU
		Release|Any CPU = Release|Any CPU
	EndGlobalSection
	GlobalSection(ProjectConfigurationPlatforms) = postSolution
		{A383C085-8905-43CE-A1CE-5385F1C40E40}.Debug|Any CPU.ActiveCfg = Debug|Any CPU
		{A383C085-8905-43CE-A1CE-5385F1C40E40}.Debug|Any CPU.Build.0 = Debug|Any CPU
		{A383C085-8905-43CE-A1CE-5385F1C40E40}.Release|Any CPU.ActiveCfg = Release|Any CPU
		{A383C085-8905-43CE-A1CE-5385F1C40E40}.Release|Any CPU.Build.0 = Release|Any CPU
		{D30AC9A1-3761-48B6-9EE9-7BEB356FCA5A}.Debug|Any CPU.ActiveCfg = Debug|Any CPU
		{D30AC9A1-3761-48B6-9EE9-7BEB356FCA5A}.Debug|Any CPU.Build.0 = Debug|Any CPU
		{D30AC9A1-3761-48B6-9EE9-7BEB356FCA5A}.Release|Any CPU.ActiveCfg = Release|Any CPU
		{D30AC9A1-3761-48B6-9EE9-7BEB356FCA5A}.Release|Any CPU.Build.0 = Release|Any CPU
		{7BA4CB17-C3DB-4C77-95AF-39013FD000CB}.Debug|Any CPU.ActiveCfg = Debug|Any CPU
		{7BA4CB17-C3DB-4C77-95AF-39013FD000CB}.Debug|Any CPU.Build.0 = Debug|Any CPU
		{7BA4CB17-C3DB-4C77-95AF-39013FD000CB}.Release|Any CPU.ActiveCfg = Release|Any CPU
		{7BA4CB17-C3DB-4C77-95AF-39013FD000CB}.Release|Any CPU.Build.0 = Release|Any CPU
		{3E31B8B1-A15F-4357-929E-38504034CDA0}.Debug|Any CPU.ActiveCfg = Debug|Any CPU
		{3E31B8B1-A15F-4357-929E-38504034CDA0}.Debug|Any CPU.Build.0 = Debug|Any CPU
		{3E31B8B1-A15F-4357-929E-38504034CDA0}.Release|Any CPU.ActiveCfg = Release|Any CPU
		{3E31B8B1-A15F-4357-929E-38504034CDA0}.Release|Any CPU.Build.0 = Release|Any CPU
		{F9339ADA-C3D6-4384-9EAF-DBD8A4F3F504}.Debug|Any CPU.ActiveCfg = Debug|Any CPU
		{F9339ADA-C3D6-4384-9EAF-DBD8A4F3F504}.Debug|Any CPU.Build.0 = Debug|Any CPU
		{F9339ADA-C3D6-4384-9EAF-DBD8A4F3F504}.Release|Any CPU.ActiveCfg = Release|Any CPU
		{F9339ADA-C3D6-4384-9EAF-DBD8A4F3F504}.Release|Any CPU.Build.0 = Release|Any CPU
		{26DABD6D-45EB-4638-B35C-E8C1DECCBAB5}.Debug|Any CPU.ActiveCfg = Debug|Any CPU
		{26DABD6D-45EB-4638-B35C-E8C1DECCBAB5}.Debug|Any CPU.Build.0 = Debug|Any CPU
		{26DABD6D-45EB-4638-B35C-E8C1DECCBAB5}.Release|Any CPU.ActiveCfg = Release|Any CPU
		{26DABD6D-45EB-4638-B35C-E8C1DECCBAB5}.Release|Any CPU.Build.0 = Release|Any CPU
		{43874499-EEFE-46C3-873F-E1E7288F4C47}.Debug|Any CPU.ActiveCfg = Debug|Any CPU
		{43874499-EEFE-46C3-873F-E1E7288F4C47}.Debug|Any CPU.Build.0 = Debug|Any CPU
		{43874499-EEFE-46C3-873F-E1E7288F4C47}.Release|Any CPU.ActiveCfg = Release|Any CPU
		{43874499-EEFE-46C3-873F-E1E7288F4C47}.Release|Any CPU.Build.0 = Release|Any CPU
	EndGlobalSection
	GlobalSection(SolutionProperties) = preSolution
		HideSolutionNode = FALSE
	EndGlobalSection
	GlobalSection(ExtensibilityGlobals) = postSolution
		SolutionGuid = {EED23BBD-9278-4530-A67D-BF5FA31671C4}
	EndGlobalSection
EndGlobal
